
Microsoft Visual Studio Solution File, Format Version 12.00
# Visual Studio Version 17
VisualStudioVersion = 17.7.34031.279
MinimumVisualStudioVersion = 10.0.40219.1
Project("{FAE04EC0-301F-11D3-BF4B-00C04F79EFBC}") = "17 classes and objects", "17 classes and objects.csproj", "{BDCCAEC7-A79B-4EAB-BA53-7F5B1B751A51}"
EndProject
Global
	GlobalSection(SolutionConfigurationPlatforms) = preSolution
		Debug|Any CPU = Debug|Any CPU
		Release|Any CPU = Release|Any CPU
	EndGlobalSection
	GlobalSection(ProjectConfigurationPlatforms) = postSolution
		{BDCCAEC7-A79B-4EAB-BA53-7F5B1B751A51}.Debug|Any CPU.ActiveCfg = Debug|Any CPU
		{BDCCAEC7-A79B-4EAB-BA53-7F5B1B751A51}.Debug|Any CPU.Build.0 = Debug|Any CPU
		{BDCCAEC7-A79B-4EAB-BA53-7F5B1B751A51}.Release|Any CPU.ActiveCfg = Release|Any CPU
		{BDCCAEC7-A79B-4EAB-BA53-7F5B1B751A51}.Release|Any CPU.Build.0 = Release|Any CPU
	EndGlobalSection
	GlobalSection(SolutionProperties) = preSolution
		HideSolutionNode = FALSE
	EndGlobalSection
	GlobalSection(ExtensibilityGlobals) = postSolution
		SolutionGuid = {80FE5CCE-71B3-494D-871B-23A7E3F92905}
	EndGlobalSection
EndGlobal
